{
  "requires": true,
  "lockfileVersion": 1,
  "dependencies": {
    "js-cipher": {
      "version": "1.0.5",
      "resolved": "https://registry.npmjs.org/js-cipher/-/js-cipher-1.0.5.tgz",
      "integrity": "sha512-Zffnnlt83OamqcaGcZz4yuot2iM3S1zuxx1g3nbse3d1sJ6GGKL40mjRYAQStAgf6YfRqxABj8HDzHnM/WI8Sw=="
    }
  }
}
